// !$*UTF8*$!
{
	archiveVersion = 1;
	classes = {
	};
	objectVersion = 46;
	objects = {

/* Begin PBXBuildFile section */
		62ACD1761C28E58F001DF0B2 /* AppDelegate.swift in Sources */ = {isa = PBXBuildFile; fileRef = 62ACD1751C28E58F001DF0B2 /* AppDelegate.swift */; };
		62ACD1781C28E58F001DF0B2 /* ViewController.swift in Sources */ = {isa = PBXBuildFile; fileRef = 62ACD1771C28E58F001DF0B2 /* ViewController.swift */; };
		62ACD17B1C28E58F001DF0B2 /* Main.storyboard in Resources */ = {isa = PBXBuildFile; fileRef = 62ACD1791C28E58F001DF0B2 /* Main.storyboard */; };
		62ACD17D1C28E58F001DF0B2 /* Assets.xcassets in Resources */ = {isa = PBXBuildFile; fileRef = 62ACD17C1C28E58F001DF0B2 /* Assets.xcassets */; };
		62ACD1801C28E58F001DF0B2 /* LaunchScreen.storyboard in Resources */ = {isa = PBXBuildFile; fileRef = 62ACD17E1C28E58F001DF0B2 /* LaunchScreen.storyboard */; };
		62ACD18B1C28E58F001DF0B2 /* RoomingTests.swift in Sources */ = {isa = PBXBuildFile; fileRef = 62ACD18A1C28E58F001DF0B2 /* RoomingTests.swift */; };
		62ACD1961C28E58F001DF0B2 /* RoomingUITests.swift in Sources */ = {isa = PBXBuildFile; fileRef = 62ACD1951C28E58F001DF0B2 /* RoomingUITests.swift */; };
/* End PBXBuildFile section */

/* Begin PBXContainerItemProxy section */
		62ACD1871C28E58F001DF0B2 /* PBXContainerItemProxy */ = {
			isa = PBXContainerItemProxy;
			containerPortal = 62ACD16A1C28E58F001DF0B2 /* Project object */;
			proxyType = 1;
			remoteGlobalIDString = 62ACD1711C28E58F001DF0B2;
			remoteInfo = Rooming;
		};
		62ACD1921C28E58F001DF0B2 /* PBXContainerItemProxy */ = {
			isa = PBXContainerItemProxy;
			containerPortal = 62ACD16A1C28E58F001DF0B2 /* Project object */;
			proxyType = 1;
			remoteGlobalIDString = 62ACD1711C28E58F001DF0B2;
			remoteInfo = Rooming;
		};
/* End PBXContainerItemProxy section */

/* Begin PBXFileReference section */
		62ACD1721C28E58F001DF0B2 /* Rooming.app */ = {isa = PBXFileReference; explicitFileType = wrapper.application; includeInIndex = 0; path = Rooming.app; sourceTree = BUILT_PRODUCTS_DIR; };
		62ACD1751C28E58F001DF0B2 /* AppDelegate.swift */ = {isa = PBXFileReference; lastKnownFileType = sourcecode.swift; path = AppDelegate.swift; sourceTree = "<group>"; };
		62ACD1771C28E58F001DF0B2 /* ViewController.swift */ = {isa = PBXFileReference; lastKnownFileType = sourcecode.swift; path = ViewController.swift; sourceTree = "<group>"; };
		62ACD17A1C28E58F001DF0B2 /* Base */ = {isa = PBXFileReference; lastKnownFileType = file.storyboard; name = Base; path = Base.lproj/Main.storyboard; sourceTree = "<group>"; };
		62ACD17C1C28E58F001DF0B2 /* Assets.xcassets */ = {isa = PBXFileReference; lastKnownFileType = folder.assetcatalog; path = Assets.xcassets; sourceTree = "<group>"; };
		62ACD17F1C28E58F001DF0B2 /* Base */ = {isa = PBXFileReference; lastKnownFileType = file.storyboard; name = Base; path = Base.lproj/LaunchScreen.storyboard; sourceTree = "<group>"; };
		62ACD1811C28E58F001DF0B2 /* Info.plist */ = {isa = PBXFileReference; lastKnownFileType = text.plist.xml; path = Info.plist; sourceTree = "<group>"; };
		62ACD1861C28E58F001DF0B2 /* RoomingTests.xctest */ = {isa = PBXFileReference; explicitFileType = wrapper.cfbundle; includeInIndex = 0; path = RoomingTests.xctest; sourceTree = BUILT_PRODUCTS_DIR; };
		62ACD18A1C28E58F001DF0B2 /* RoomingTests.swift */ = {isa = PBXFileReference; lastKnownFileType = sourcecode.swift; path = RoomingTests.swift; sourceTree = "<group>"; };
		62ACD18C1C28E58F001DF0B2 /* Info.plist */ = {isa = PBXFileReference; lastKnownFileType = text.plist.xml; path = Info.plist; sourceTree = "<group>"; };
		62ACD1911C28E58F001DF0B2 /* RoomingUITests.xctest */ = {isa = PBXFileReference; explicitFileType = wrapper.cfbundle; includeInIndex = 0; path = RoomingUITests.xctest; sourceTree = BUILT_PRODUCTS_DIR; };
		62ACD1951C28E58F001DF0B2 /* RoomingUITests.swift */ = {isa = PBXFileReference; lastKnownFileType = sourcecode.swift; path = RoomingUITests.swift; sourceTree = "<group>"; };
		62ACD1971C28E58F001DF0B2 /* Info.plist */ = {isa = PBXFileReference; lastKnownFileType = text.plist.xml; path = Info.plist; sourceTree = "<group>"; };
/* End PBXFileReference section */

/* Begin PBXFrameworksBuildPhase section */
		62ACD16F1C28E58F001DF0B2 /* Frameworks */ = {
			isa = PBXFrameworksBuildPhase;
			buildActionMask = 2147483647;
			files = (
			);
			runOnlyForDeploymentPostprocessing = 0;
		};
		62ACD1831C28E58F001DF0B2 /* Frameworks */ = {
			isa = PBXFrameworksBuildPhase;
			buildActionMask = 2147483647;
			files = (
			);
			runOnlyForDeploymentPostprocessing = 0;
		};
		62ACD18E1C28E58F001DF0B2 /* Frameworks */ = {
			isa = PBXFrameworksBuildPhase;
			buildActionMask = 2147483647;
			files = (
			);
			runOnlyForDeploymentPostprocessing = 0;
		};
/* End PBXFrameworksBuildPhase section */

/* Begin PBXGroup section */
		62ACD1691C28E58F001DF0B2 = {
			isa = PBXGroup;
			children = (
				62ACD1741C28E58F001DF0B2 /* Rooming */,
				62ACD1891C28E58F001DF0B2 /* RoomingTests */,
				62ACD1941C28E58F001DF0B2 /* RoomingUITests */,
				62ACD1731C28E58F001DF0B2 /* Products */,
			);
			sourceTree = "<group>";
		};
		62ACD1731C28E58F001DF0B2 /* Products */ = {
			isa = PBXGroup;
			children = (
				62ACD1721C28E58F001DF0B2 /* Rooming.app */,
				62ACD1861C28E58F001DF0B2 /* RoomingTests.xctest */,
				62ACD1911C28E58F001DF0B2 /* RoomingUITests.xctest */,
			);
			name = Products;
			sourceTree = "<group>";
		};
		62ACD1741C28E58F001DF0B2 /* Rooming */ = {
			isa = PBXGroup;
			children = (
				62ACD1751C28E58F001DF0B2 /* AppDelegate.swift */,
				62ACD1771C28E58F001DF0B2 /* ViewController.swift */,
				62ACD1791C28E58F001DF0B2 /* Main.storyboard */,
				62ACD17C1C28E58F001DF0B2 /* Assets.xcassets */,
				62ACD17E1C28E58F001DF0B2 /* LaunchScreen.storyboard */,
				62ACD1811C28E58F001DF0B2 /* Info.plist */,
			);
			path = Rooming;
			sourceTree = "<group>";
		};
		62ACD1891C28E58F001DF0B2 /* RoomingTests */ = {
			isa = PBXGroup;
			children = (
				62ACD18A1C28E58F001DF0B2 /* RoomingTests.swift */,
				62ACD18C1C28E58F001DF0B2 /* Info.plist */,
			);
			path = RoomingTests;
			sourceTree = "<group>";
		};
		62ACD1941C28E58F001DF0B2 /* RoomingUITests */ = {
			isa = PBXGroup;
			children = (
				62ACD1951C28E58F001DF0B2 /* RoomingUITests.swift */,
				62ACD1971C28E58F001DF0B2 /* Info.plist */,
			);
			path = RoomingUITests;
			sourceTree = "<group>";
		};
/* End PBXGroup section */

/* Begin PBXNativeTarget section */
		62ACD1711C28E58F001DF0B2 /* Rooming */ = {
			isa = PBXNativeTarget;
			buildConfigurationList = 62ACD19A1C28E58F001DF0B2 /* Build configuration list for PBXNativeTarget "Rooming" */;
			buildPhases = (
				62ACD16E1C28E58F001DF0B2 /* Sources */,
				62ACD16F1C28E58F001DF0B2 /* Frameworks */,
				62ACD1701C28E58F001DF0B2 /* Resources */,
			);
			buildRules = (
			);
			dependencies = (
			);
			name = Rooming;
			productName = Rooming;
			productReference = 62ACD1721C28E58F001DF0B2 /* Rooming.app */;
			productType = "com.apple.product-type.application";
		};
		62ACD1851C28E58F001DF0B2 /* RoomingTests */ = {
			isa = PBXNativeTarget;
			buildConfigurationList = 62ACD19D1C28E58F001DF0B2 /* Build configuration list for PBXNativeTarget "RoomingTests" */;
			buildPhases = (
				62ACD1821C28E58F001DF0B2 /* Sources */,
				62ACD1831C28E58F001DF0B2 /* Frameworks */,
				62ACD1841C28E58F001DF0B2 /* Resources */,
			);
			buildRules = (
			);
			dependencies = (
				62ACD1881C28E58F001DF0B2 /* PBXTargetDependency */,
			);
			name = RoomingTests;
			productName = RoomingTests;
			productReference = 62ACD1861C28E58F001DF0B2 /* RoomingTests.xctest */;
			productType = "com.apple.product-type.bundle.unit-test";
		};
		62ACD1901C28E58F001DF0B2 /* RoomingUITests */ = {
			isa = PBXNativeTarget;
			buildConfigurationList = 62ACD1A01C28E58F001DF0B2 /* Build configuration list for PBXNativeTarget "RoomingUITests" */;
			buildPhases = (
				62ACD18D1C28E58F001DF0B2 /* Sources */,
				62ACD18E1C28E58F001DF0B2 /* Frameworks */,
				62ACD18F1C28E58F001DF0B2 /* Resources */,
			);
			buildRules = (
			);
			dependencies = (
				62ACD1931C28E58F001DF0B2 /* PBXTargetDependency */,
			);
			name = RoomingUITests;
			productName = RoomingUITests;
			productReference = 62ACD1911C28E58F001DF0B2 /* RoomingUITests.xctest */;
			productType = "com.apple.product-type.bundle.ui-testing";
		};
/* End PBXNativeTarget section */

/* Begin PBXProject section */
		62ACD16A1C28E58F001DF0B2 /* Project object */ = {
			isa = PBXProject;
			attributes = {
				LastSwiftUpdateCheck = 0720;
				LastUpgradeCheck = 0720;
				ORGANIZATIONNAME = "Adam Cao";
				TargetAttributes = {
					62ACD1711C28E58F001DF0B2 = {
						CreatedOnToolsVersion = 7.2;
					};
					62ACD1851C28E58F001DF0B2 = {
						CreatedOnToolsVersion = 7.2;
						TestTargetID = 62ACD1711C28E58F001DF0B2;
					};
					62ACD1901C28E58F001DF0B2 = {
						CreatedOnToolsVersion = 7.2;
						TestTargetID = 62ACD1711C28E58F001DF0B2;
					};
				};
			};
			buildConfigurationList = 62ACD16D1C28E58F001DF0B2 /* Build configuration list for PBXProject "Rooming" */;
			compatibilityVersion = "Xcode 3.2";
			developmentRegion = English;
			hasScannedForEncodings = 0;
			knownRegions = (
				en,
				Base,
			);
			mainGroup = 62ACD1691C28E58F001DF0B2;
			productRefGroup = 62ACD1731C28E58F001DF0B2 /* Products */;
			projectDirPath = "";
			projectRoot = "";
			targets = (
				62ACD1711C28E58F001DF0B2 /* Rooming */,
				62ACD1851C28E58F001DF0B2 /* RoomingTests */,
				62ACD1901C28E58F001DF0B2 /* RoomingUITests */,
			);
		};
/* End PBXProject section */

/* Begin PBXResourcesBuildPhase section */
		62ACD1701C28E58F001DF0B2 /* Resources */ = {
			isa = PBXResourcesBuildPhase;
			buildActionMask = 2147483647;
			files = (
				62ACD1801C28E58F001DF0B2 /* LaunchScreen.storyboard in Resources */,
				62ACD17D1C28E58F001DF0B2 /* Assets.xcassets in Resources */,
				62ACD17B1C28E58F001DF0B2 /* Main.storyboard in Resources */,
			);
			runOnlyForDeploymentPostprocessing = 0;
		};
		62ACD1841C28E58F001DF0B2 /* Resources */ = {
			isa = PBXResourcesBuildPhase;
			buildActionMask = 2147483647;
			files = (
			);
			runOnlyForDeploymentPostprocessing = 0;
		};
		62ACD18F1C28E58F001DF0B2 /* Resources */ = {
			isa = PBXResourcesBuildPhase;
			buildActionMask = 2147483647;
			files = (
			);
			runOnlyForDeploymentPostprocessing = 0;
		};
/* End PBXResourcesBuildPhase section */

/* Begin PBXSourcesBuildPhase section */
		62ACD16E1C28E58F001DF0B2 /* Sources */ = {
			isa = PBXSourcesBuildPhase;
			buildActionMask = 2147483647;
			files = (
				62ACD1781C28E58F001DF0B2 /* ViewController.swift in Sources */,
				62ACD1761C28E58F001DF0B2 /* AppDelegate.swift in Sources */,
			);
			runOnlyForDeploymentPostprocessing = 0;
		};
		62ACD1821C28E58F001DF0B2 /* Sources */ = {
			isa = PBXSourcesBuildPhase;
			buildActionMask = 2147483647;
			files = (
				62ACD18B1C28E58F001DF0B2 /* RoomingTests.swift in Sources */,
			);
			runOnlyForDeploymentPostprocessing = 0;
		};
		62ACD18D1C28E58F001DF0B2 /* Sources */ = {
			isa = PBXSourcesBuildPhase;
			buildActionMask = 2147483647;
			files = (
				62ACD1961C28E58F001DF0B2 /* RoomingUITests.swift in Sources */,
			);
			runOnlyForDeploymentPostprocessing = 0;
		};
/* End PBXSourcesBuildPhase section */

/* Begin PBXTargetDependency section */
		62ACD1881C28E58F001DF0B2 /* PBXTargetDependency */ = {
			isa = PBXTargetDependency;
			target = 62ACD1711C28E58F001DF0B2 /* Rooming */;
			targetProxy = 62ACD1871C28E58F001DF0B2 /* PBXContainerItemProxy */;
		};
		62ACD1931C28E58F001DF0B2 /* PBXTargetDependency */ = {
			isa = PBXTargetDependency;
			target = 62ACD1711C28E58F001DF0B2 /* Rooming */;
			targetProxy = 62ACD1921C28E58F001DF0B2 /* PBXContainerItemProxy */;
		};
/* End PBXTargetDependency section */

/* Begin PBXVariantGroup section */
		62ACD1791C28E58F001DF0B2 /* Main.storyboard */ = {
			isa = PBXVariantGroup;
			children = (
				62ACD17A1C28E58F001DF0B2 /* Base */,
			);
			name = Main.storyboard;
			sourceTree = "<group>";
		};
		62ACD17E1C28E58F001DF0B2 /* LaunchScreen.storyboard */ = {
			isa = PBXVariantGroup;
			children = (
				62ACD17F1C28E58F001DF0B2 /* Base */,
			);
			name = LaunchScreen.storyboard;
			sourceTree = "<group>";
		};
/* End PBXVariantGroup section */

/* Begin XCBuildConfiguration section */
		62ACD1981C28E58F001DF0B2 /* Debug */ = {
			isa = XCBuildConfiguration;
			buildSettings = {
				ALWAYS_SEARCH_USER_PATHS = NO;
				CLANG_CXX_LANGUAGE_STANDARD = "gnu++0x";
				CLANG_CXX_LIBRARY = "libc++";
				CLANG_ENABLE_MODULES = YES;
				CLANG_ENABLE_OBJC_ARC = YES;
				CLANG_WARN_BOOL_CONVERSION = YES;
				CLANG_WARN_CONSTANT_CONVERSION = YES;
				CLANG_WARN_DIRECT_OBJC_ISA_USAGE = YES_ERROR;
				CLANG_WARN_EMPTY_BODY = YES;
				CLANG_WARN_ENUM_CONVERSION = YES;
				CLANG_WARN_INT_CONVERSION = YES;
				CLANG_WARN_OBJC_ROOT_CLASS = YES_ERROR;
				CLANG_WARN_UNREACHABLE_CODE = YES;
				CLANG_WARN__DUPLICATE_METHOD_MATCH = YES;
				"CODE_SIGN_IDENTITY[sdk=iphoneos*]" = "iPhone Developer";
				COPY_PHASE_STRIP = NO;
				DEBUG_INFORMATION_FORMAT = dwarf;
				ENABLE_STRICT_OBJC_MSGSEND = YES;
				ENABLE_TESTABILITY = YES;
				GCC_C_LANGUAGE_STANDARD = gnu99;
				GCC_DYNAMIC_NO_PIC = NO;
				GCC_NO_COMMON_BLOCKS = YES;
				GCC_OPTIMIZATION_LEVEL = 0;
				GCC_PREPROCESSOR_DEFINITIONS = (
					"DEBUG=1",
					"$(inherited)",
				);
				GCC_WARN_64_TO_32_BIT_CONVERSION = YES;
				GCC_WARN_ABOUT_RETURN_TYPE = YES_ERROR;
				GCC_WARN_UNDECLARED_SELECTOR = YES;
				GCC_WARN_UNINITIALIZED_AUTOS = YES_AGGRESSIVE;
				GCC_WARN_UNUSED_FUNCTION = YES;
				GCC_WARN_UNUSED_VARIABLE = YES;
				IPHONEOS_DEPLOYMENT_TARGET = 9.2;
				MTL_ENABLE_DEBUG_INFO = YES;
				ONLY_ACTIVE_ARCH = YES;
				SDKROOT = iphoneos;
				SWIFT_OPTIMIZATION_LEVEL = "-Onone";
			};
			name = Debug;
		};
		62ACD1991C28E58F001DF0B2 /* Release */ = {
			isa = XCBuildConfiguration;
			buildSettings = {
				ALWAYS_SEARCH_USER_PATHS = NO;
				CLANG_CXX_LANGUAGE_STANDARD = "gnu++0x";
				CLANG_CXX_LIBRARY = "libc++";
				CLANG_ENABLE_MODULES = YES;
				CLANG_ENABLE_OBJC_ARC = YES;
				CLANG_WARN_BOOL_CONVERSION = YES;
				CLANG_WARN_CONSTANT_CONVERSION = YES;
				CLANG_WARN_DIRECT_OBJC_ISA_USAGE = YES_ERROR;
				CLANG_WARN_EMPTY_BODY = YES;
				CLANG_WARN_ENUM_CONVERSION = YES;
				CLANG_WARN_INT_CONVERSION = YES;
				CLANG_WARN_OBJC_ROOT_CLASS = YES_ERROR;
				CLANG_WARN_UNREACHABLE_CODE = YES;
				CLANG_WARN__DUPLICATE_METHOD_MATCH = YES;
				"CODE_SIGN_IDENTITY[sdk=iphoneos*]" = "iPhone Developer";
				COPY_PHASE_STRIP = NO;
				DEBUG_INFORMATION_FORMAT = "dwarf-with-dsym";
				ENABLE_NS_ASSERTIONS = NO;
				ENABLE_STRICT_OBJC_MSGSEND = YES;
				GCC_C_LANGUAGE_STANDARD = gnu99;
				GCC_NO_COMMON_BLOCKS = YES;
				GCC_WARN_64_TO_32_BIT_CONVERSION = YES;
				GCC_WARN_ABOUT_RETURN_TYPE = YES_ERROR;
				GCC_WARN_UNDECLARED_SELECTOR = YES;
				GCC_WARN_UNINITIALIZED_AUTOS = YES_AGGRESSIVE;
				GCC_WARN_UNUSED_FUNCTION = YES;
				GCC_WARN_UNUSED_VARIABLE = YES;
				IPHONEOS_DEPLOYMENT_TARGET = 9.2;
				MTL_ENABLE_DEBUG_INFO = NO;
				SDKROOT = iphoneos;
				VALIDATE_PRODUCT = YES;
			};
			name = Release;
		};
		62ACD19B1C28E58F001DF0B2 /* Debug */ = {
			isa = XCBuildConfiguration;
			buildSettings = {
				ASSETCATALOG_COMPILER_APPICON_NAME = AppIcon;
				INFOPLIST_FILE = Rooming/Info.plist;
				LD_RUNPATH_SEARCH_PATHS = "$(inherited) @executable_path/Frameworks";
				PRODUCT_BUNDLE_IDENTIFIER = AdamC.Rooming;
				PRODUCT_NAME = "$(TARGET_NAME)";
			};
			name = Debug;
		};
		62ACD19C1C28E58F001DF0B2 /* Release */ = {
			isa = XCBuildConfiguration;
			buildSettings = {
				ASSETCATALOG_COMPILER_APPICON_NAME = AppIcon;
				INFOPLIST_FILE = Rooming/Info.plist;
				LD_RUNPATH_SEARCH_PATHS = "$(inherited) @executable_path/Frameworks";
				PRODUCT_BUNDLE_IDENTIFIER = AdamC.Rooming;
				PRODUCT_NAME = "$(TARGET_NAME)";
			};
			name = Release;
		};
		62ACD19E1C28E58F001DF0B2 /* Debug */ = {
			isa = XCBuildConfiguration;
			buildSettings = {
				BUNDLE_LOADER = "$(TEST_HOST)";
				INFOPLIST_FILE = RoomingTests/Info.plist;
				LD_RUNPATH_SEARCH_PATHS = "$(inherited) @executable_path/Frameworks @loader_path/Frameworks";
				PRODUCT_BUNDLE_IDENTIFIER = AdamC.RoomingTests;
				PRODUCT_NAME = "$(TARGET_NAME)";
				TEST_HOST = "$(BUILT_PRODUCTS_DIR)/Rooming.app/Rooming";
			};
			name = Debug;
		};
		62ACD19F1C28E58F001DF0B2 /* Release */ = {
			isa = XCBuildConfiguration;
			buildSettings = {
				BUNDLE_LOADER = "$(TEST_HOST)";
				INFOPLIST_FILE = RoomingTests/Info.plist;
				LD_RUNPATH_SEARCH_PATHS = "$(inherited) @executable_path/Frameworks @loader_path/Frameworks";
				PRODUCT_BUNDLE_IDENTIFIER = AdamC.RoomingTests;
				PRODUCT_NAME = "$(TARGET_NAME)";
				TEST_HOST = "$(BUILT_PRODUCTS_DIR)/Rooming.app/Rooming";
			};
			name = Release;
		};
		62ACD1A11C28E58F001DF0B2 /* Debug */ = {
			isa = XCBuildConfiguration;
			buildSettings = {
				INFOPLIST_FILE = RoomingUITests/Info.plist;
				LD_RUNPATH_SEARCH_PATHS = "$(inherited) @executable_path/Frameworks @loader_path/Frameworks";
				PRODUCT_BUNDLE_IDENTIFIER = AdamC.RoomingUITests;
				PRODUCT_NAME = "$(TARGET_NAME)";
				TEST_TARGET_NAME = Rooming;
				USES_XCTRUNNER = YES;
			};
			name = Debug;
		};
		62ACD1A21C28E58F001DF0B2 /* Release */ = {
			isa = XCBuildConfiguration;
			buildSettings = {
				INFOPLIST_FILE = RoomingUITests/Info.plist;
				LD_RUNPATH_SEARCH_PATHS = "$(inherited) @executable_path/Frameworks @loader_path/Frameworks";
				PRODUCT_BUNDLE_IDENTIFIER = AdamC.RoomingUITests;
				PRODUCT_NAME = "$(TARGET_NAME)";
				TEST_TARGET_NAME = Rooming;
				USES_XCTRUNNER = YES;
			};
			name = Release;
		};
/* End XCBuildConfiguration section */

/* Begin XCConfigurationList section */
		62ACD16D1C28E58F001DF0B2 /* Build configuration list for PBXProject "Rooming" */ = {
			isa = XCConfigurationList;
			buildConfigurations = (
				62ACD1981C28E58F001DF0B2 /* Debug */,
				62ACD1991C28E58F001DF0B2 /* Release */,
			);
			defaultConfigurationIsVisible = 0;
			defaultConfigurationName = Release;
		};
		62ACD19A1C28E58F001DF0B2 /* Build configuration list for PBXNativeTarget "Rooming" */ = {
			isa = XCConfigurationList;
			buildConfigurations = (
				62ACD19B1C28E58F001DF0B2 /* Debug */,
				62ACD19C1C28E58F001DF0B2 /* Release */,
			);
			defaultConfigurationIsVisible = 0;
		};
		62ACD19D1C28E58F001DF0B2 /* Build configuration list for PBXNativeTarget "RoomingTests" */ = {
			isa = XCConfigurationList;
			buildConfigurations = (
				62ACD19E1C28E58F001DF0B2 /* Debug */,
				62ACD19F1C28E58F001DF0B2 /* Release */,
			);
			defaultConfigurationIsVisible = 0;
		};
		62ACD1A01C28E58F001DF0B2 /* Build configuration list for PBXNativeTarget "RoomingUITests" */ = {
			isa = XCConfigurationList;
			buildConfigurations = (
				62ACD1A11C28E58F001DF0B2 /* Debug */,
				62ACD1A21C28E58F001DF0B2 /* Release */,
			);
			defaultConfigurationIsVisible = 0;
		};
/* End XCConfigurationList section */
	};
	rootObject = 62ACD16A1C28E58F001DF0B2 /* Project object */;
}
